{
 "_meta": {
  "file-type": "spack-lockfile",
  "lockfile-version": 2
 },
 "roots": [
  {
   "hash": "xr3uvcpbmuitpyv3atxfhtyusxcchqdc",
   "spec": "cmake"
  },
  {
   "hash": "m7uo7ylikjoemree3fkilohfablodrqg",
   "spec": "gcc@9.3.0"
  },
  {
   "hash": "uw3jh5lsbk4pbkpk4tfy3q22unzugsbu",
   "spec": "mpich"
  },
  {
   "hash": "hoglkkyeaozcf3m3kqo7r245nw3ghooj",
   "spec": "openblas threads=openmp"
  }
 ],
 "concrete_specs": {
  "xr3uvcpbmuitpyv3atxfhtyusxcchqdc": {
   "cmake": {
    "version": "3.18.4",
    "arch": {
     "platform": "linux",
     "platform_os": "ubuntu20.04",
     "target": {
      "name": "broadwell",
      "vendor": "GenuineIntel",
      "features": [
       "adx",
       "aes",
       "avx",
       "avx2",
       "bmi1",
       "bmi2",
       "f16c",
       "fma",
       "mmx",
       "movbe",
       "pclmulqdq",
       "popcnt",
       "rdrand",
       "rdseed",
       "sse",
       "sse2",
       "sse4_1",
       "sse4_2",
       "ssse3"
      ],
      "generation": 0,
      "parents": [
       "haswell"
      ]
     }
    },
    "compiler": {
     "name": "gcc",
     "version": "9.3.0"
    },
    "namespace": "builtin",
    "parameters": {
     "doc": false,
     "ncurses": true,
     "openssl": true,
     "ownlibs": true,
     "patches": [
      "bf695e3febb222da2ed94b3beea600650e4318975da90e4a71d6f31a6d5d8c3d"
     ],
     "qt": false,
     "cflags": [],
     "cppflags": [],
     "cxxflags": [],
     "fflags": [],
     "ldflags": [],
     "ldlibs": []
    },
    "patches": [
     "bf695e3febb222da2ed94b3beea600650e4318975da90e4a71d6f31a6d5d8c3d"
    ],
    "dependencies": {
     "ncurses": {
      "hash": "4pvie7oowkdyzivlxaaq52r7moa2ddmp",
      "type": [
       "build",
       "link"
      ]
     },
     "openssl": {
      "hash": "nfx7jb45z5burhzy3m2eup3iyjhkluj2",
      "type": [
       "build",
       "link"
      ]
     }
    },
    "hash": "3s3q3im7pamuy5yxsdvkx43jiwalkaye"
   }
  },
  "4pvie7oowkdyzivlxaaq52r7moa2ddmp": {
   "ncurses": {
    "version": "6.2",
    "arch": {
     "platform": "linux",
     "platform_os": "ubuntu20.04",
     "target": {
      "name": "broadwell",
      "vendor": "GenuineIntel",
      "features": [
       "adx",
       "aes",
       "avx",
       "avx2",
       "bmi1",
       "bmi2",
       "f16c",
       "fma",
       "mmx",
       "movbe",
       "pclmulqdq",
       "popcnt",
       "rdrand",
       "rdseed",
       "sse",
       "sse2",
       "sse4_1",
       "sse4_2",
       "ssse3"
      ],
      "generation": 0,
      "parents": [
       "haswell"
      ]
     }
    },
    "compiler": {
     "name": "gcc",
     "version": "9.3.0"
    },
    "namespace": "builtin",
    "parameters": {
     "symlinks": false,
     "termlib": true,
     "cflags": [],
     "cppflags": [],
     "cxxflags": [],
     "fflags": [],
     "ldflags": [],
     "ldlibs": []
    },
    "dependencies": {
     "pkgconf": {
      "hash": "maplmtidtdincabqsxijbqyahb4yngro",
      "type": [
       "build"
      ]
     }
    },
    "hash": "c5onutekmwbsn3rq2tjq3x5jj746xjtj"
   }
  },
  "maplmtidtdincabqsxijbqyahb4yngro": {
   "pkgconf": {
    "version": "1.7.3",
    "arch": {
     "platform": "linux",
     "platform_os": "ubuntu20.04",
     "target": {
      "name": "broadwell",
      "vendor": "GenuineIntel",
      "features": [
       "adx",
       "aes",
       "avx",
       "avx2",
       "bmi1",
       "bmi2",
       "f16c",
       "fma",
       "mmx",
       "movbe",
       "pclmulqdq",
       "popcnt",
       "rdrand",
       "rdseed",
       "sse",
       "sse2",
       "sse4_1",
       "sse4_2",
       "ssse3"
      ],
      "generation": 0,
      "parents": [
       "haswell"
      ]
     }
    },
    "compiler": {
     "name": "gcc",
     "version": "9.3.0"
    },
    "namespace": "builtin",
    "parameters": {
     "cflags": [],
     "cppflags": [],
     "cxxflags": [],
     "fflags": [],
     "ldflags": [],
     "ldlibs": []
    },
    "hash": "maplmtidtdincabqsxijbqyahb4yngro"
   }
  },
  "nfx7jb45z5burhzy3m2eup3iyjhkluj2": {
   "openssl": {
    "version": "1.1.1h",
    "arch": {
     "platform": "linux",
     "platform_os": "ubuntu20.04",
     "target": {
      "name": "broadwell",
      "vendor": "GenuineIntel",
      "features": [
       "adx",
       "aes",
       "avx",
       "avx2",
       "bmi1",
       "bmi2",
       "f16c",
       "fma",
       "mmx",
       "movbe",
       "pclmulqdq",
       "popcnt",
       "rdrand",
       "rdseed",
       "sse",
       "sse2",
       "sse4_1",
       "sse4_2",
       "ssse3"
      ],
      "generation": 0,
      "parents": [
       "haswell"
      ]
     }
    },
    "compiler": {
     "name": "gcc",
     "version": "9.3.0"
    },
    "namespace": "builtin",
    "parameters": {
     "systemcerts": true,
     "cflags": [],
     "cppflags": [],
     "cxxflags": [],
     "fflags": [],
     "ldflags": [],
     "ldlibs": []
    },
    "dependencies": {
     "perl": {
      "hash": "gvlfkq5mwbzozpnss6chmxtmi65jf727",
      "type": [
       "build",
       "test"
      ]
     },
     "zlib": {
      "hash": "emkoq3o2mtu377gy6plexktmkqchkgkb",
      "type": [
       "build",
       "link"
      ]
     }
    },
    "hash": "nncgj6l352tyxgexbmpxyrgl5rnaqufl"
   }
  },
  "gvlfkq5mwbzozpnss6chmxtmi65jf727": {
   "perl": {
    "version": "5.32.0",
    "arch": {
     "platform": "linux",
     "platform_os": "ubuntu20.04",
     "target": {
      "name": "broadwell",
      "vendor": "GenuineIntel",
      "features": [
       "adx",
       "aes",
       "avx",
       "avx2",
       "bmi1",
       "bmi2",
       "f16c",
       "fma",
       "mmx",
       "movbe",
       "pclmulqdq",
       "popcnt",
       "rdrand",
       "rdseed",
       "sse",
       "sse2",
       "sse4_1",
       "sse4_2",
       "ssse3"
      ],
      "generation": 0,
      "parents": [
       "haswell"
      ]
     }
    },
    "compiler": {
     "name": "gcc",
     "version": "9.3.0"
    },
    "namespace": "builtin",
    "parameters": {
     "cpanm": true,
     "shared": true,
     "threads": true,
     "cflags": [],
     "cppflags": [],
     "cxxflags": [],
     "fflags": [],
     "ldflags": [],
     "ldlibs": []
    },
    "dependencies": {
     "berkeley-db": {
      "hash": "hs6t26u2brvfzxcmubo27kwcjbjesbjy",
      "type": [
       "build",
       "link"
      ]
     },
     "gdbm": {
      "hash": "lrxrsxextpifba445yp7cxpix66mh5e4",
      "type": [
       "build",
       "link"
      ]
     }
    },
    "hash": "abngmep5tm3o2s7wrnkuv43rxqtt4jcy"
   }
  },
  "hs6t26u2brvfzxcmubo27kwcjbjesbjy": {
   "berkeley-db": {
    "version": "18.1.40",
    "arch": {
     "platform": "linux",
     "platform_os": "ubuntu20.04",
     "target": {
      "name": "broadwell",
      "vendor": "GenuineIntel",
      "features": [
       "adx",
       "aes",
       "avx",
       "avx2",
       "bmi1",
       "bmi2",
       "f16c",
       "fma",
       "mmx",
       "movbe",
       "pclmulqdq",
       "popcnt",
       "rdrand",
       "rdseed",
       "sse",
       "sse2",
       "sse4_1",
       "sse4_2",
       "ssse3"
      ],
      "generation": 0,
      "parents": [
       "haswell"
      ]
     }
    },
    "compiler": {
     "name": "gcc",
     "version": "9.3.0"
    },
    "namespace": "builtin",
    "parameters": {
     "cflags": [],
     "cppflags": [],
     "cxxflags": [],
     "fflags": [],
     "ldflags": [],
     "ldlibs": []
    },
    "hash": "hs6t26u2brvfzxcmubo27kwcjbjesbjy"
   }
  },
  "lrxrsxextpifba445yp7cxpix66mh5e4": {
   "gdbm": {
    "version": "1.18.1",
    "arch": {
     "platform": "linux",
     "platform_os": "ubuntu20.04",
     "target": {
      "name": "broadwell",
      "vendor": "GenuineIntel",
      "features": [
       "adx",
       "aes",
       "avx",
       "avx2",
       "bmi1",
       "bmi2",
       "f16c",
       "fma",
       "mmx",
       "movbe",
       "pclmulqdq",
       "popcnt",
       "rdrand",
       "rdseed",
       "sse",
       "sse2",
       "sse4_1",
       "sse4_2",
       "ssse3"
      ],
      "generation": 0,
      "parents": [
       "haswell"
      ]
     }
    },
    "compiler": {
     "name": "gcc",
     "version": "9.3.0"
    },
    "namespace": "builtin",
    "parameters": {
     "cflags": [],
     "cppflags": [],
     "cxxflags": [],
     "fflags": [],
     "ldflags": [],
     "ldlibs": []
    },
    "dependencies": {
     "readline": {
      "hash": "gfv5lriujnowzgtuzxwd3bszrwizfyor",
      "type": [
       "build",
       "link"
      ]
     }
    },
    "hash": "x3ekorqhutuqcsam4wt7wx3f3xrpb4ps"
   }
  },
  "gfv5lriujnowzgtuzxwd3bszrwizfyor": {
   "readline": {
    "version": "8.0",
    "arch": {
     "platform": "linux",
     "platform_os": "ubuntu20.04",
     "target": {
      "name": "broadwell",
      "vendor": "GenuineIntel",
      "features": [
       "adx",
       "aes",
       "avx",
       "avx2",
       "bmi1",
       "bmi2",
       "f16c",
       "fma",
       "mmx",
       "movbe",
       "pclmulqdq",
       "popcnt",
       "rdrand",
       "rdseed",
       "sse",
       "sse2",
       "sse4_1",
       "sse4_2",
       "ssse3"
      ],
      "generation": 0,
      "parents": [
       "haswell"
      ]
     }
    },
    "compiler": {
     "name": "gcc",
     "version": "9.3.0"
    },
    "namespace": "builtin",
    "parameters": {
     "cflags": [],
     "cppflags": [],
     "cxxflags": [],
     "fflags": [],
     "ldflags": [],
     "ldlibs": []
    },
    "dependencies": {
     "ncurses": {
      "hash": "4pvie7oowkdyzivlxaaq52r7moa2ddmp",
      "type": [
       "build",
       "link"
      ]
     }
    },
    "hash": "57hpe6euytstx3ivccv54qncahm4wtuk"
   }
  },
  "emkoq3o2mtu377gy6plexktmkqchkgkb": {
   "zlib": {
    "version": "1.2.11",
    "arch": {
     "platform": "linux",
     "platform_os": "ubuntu20.04",
     "target": {
      "name": "broadwell",
      "vendor": "GenuineIntel",
      "features": [
       "adx",
       "aes",
       "avx",
       "avx2",
       "bmi1",
       "bmi2",
       "f16c",
       "fma",
       "mmx",
       "movbe",
       "pclmulqdq",
       "popcnt",
       "rdrand",
       "rdseed",
       "sse",
       "sse2",
       "sse4_1",
       "sse4_2",
       "ssse3"
      ],
      "generation": 0,
      "parents": [
       "haswell"
      ]
     }
    },
    "compiler": {
     "name": "gcc",
     "version": "9.3.0"
    },
    "namespace": "builtin",
    "parameters": {
     "optimize": true,
     "pic": true,
     "shared": true,
     "cflags": [],
     "cppflags": [],
     "cxxflags": [],
     "fflags": [],
     "ldflags": [],
     "ldlibs": []
    },
    "hash": "emkoq3o2mtu377gy6plexktmkqchkgkb"
   }
  },
  "m7uo7ylikjoemree3fkilohfablodrqg": {
   "gcc": {
    "version": "9.3.0",
    "arch": {
     "platform": "linux",
     "platform_os": "ubuntu20.04",
     "target": {
      "name": "broadwell",
      "vendor": "GenuineIntel",
      "features": [
       "adx",
       "aes",
       "avx",
       "avx2",
       "bmi1",
       "bmi2",
       "f16c",
       "fma",
       "mmx",
       "movbe",
       "pclmulqdq",
       "popcnt",
       "rdrand",
       "rdseed",
       "sse",
       "sse2",
       "sse4_1",
       "sse4_2",
       "ssse3"
      ],
      "generation": 0,
      "parents": [
       "haswell"
      ]
     }
    },
    "compiler": {
     "name": "gcc",
     "version": "9.3.0"
    },
    "namespace": "builtin",
    "parameters": {
     "binutils": false,
     "bootstrap": false,
     "languages": [
      "c",
      "c++",
      "fortran"
     ],
     "nvptx": false,
     "piclibs": false,
     "strip": false,
     "cflags": [],
     "cppflags": [],
     "cxxflags": [],
     "fflags": [],
     "ldflags": [],
     "ldlibs": []
    },
    "dependencies": {
     "diffutils": {
      "hash": "r3wuu7immkefh33zflpab3uyewfxe5fv",
      "type": [
       "build"
      ]
     },
     "gmp": {
      "hash": "3c73kosf545ccjpvkdn4mrrleovaz4yj",
      "type": [
       "build",
       "link"
      ]
     },
     "isl": {
      "hash": "yycqeiyjpk3bvkjuluwik232yk3rjsp7",
      "type": [
       "build",
       "link"
      ]
     },
     "mpc": {
      "hash": "znvqmul5scob73l3km7caqehnimrisza",
      "type": [
       "build",
       "link"
      ]
     },
     "mpfr": {
      "hash": "q2ncvoaihog7lo2t4r6eji6dyctozaob",
      "type": [
       "build",
       "link"
      ]
     },
     "zlib": {
      "hash": "emkoq3o2mtu377gy6plexktmkqchkgkb",
      "type": [
       "build",
       "link"
      ]
     }
    },
    "hash": "akxj6sni3vxbwxmhp5amyrdezqov65f6"
   }
  },
  "r3wuu7immkefh33zflpab3uyewfxe5fv": {
   "diffutils": {
    "version": "3.7",
    "arch": {
     "platform": "linux",
     "platform_os": "ubuntu20.04",
     "target": {
      "name": "broadwell",
      "vendor": "GenuineIntel",
      "features": [
       "adx",
       "aes",
       "avx",
       "avx2",
       "bmi1",
       "bmi2",
       "f16c",
       "fma",
       "mmx",
       "movbe",
       "pclmulqdq",
       "popcnt",
       "rdrand",
       "rdseed",
       "sse",
       "sse2",
       "sse4_1",
       "sse4_2",
       "ssse3"
      ],
      "generation": 0,
      "parents": [
       "haswell"
      ]
     }
    },
    "compiler": {
     "name": "gcc",
     "version": "9.3.0"
    },
    "namespace": "builtin",
    "parameters": {
     "cflags": [],
     "cppflags": [],
     "cxxflags": [],
     "fflags": [],
     "ldflags": [],
     "ldlibs": []
    },
    "dependencies": {
     "libiconv": {
      "hash": "z6xynmbt335a45vhx4bnzbfh66kvbqyn",
      "type": [
       "build",
       "link"
      ]
     }
    },
    "hash": "r3wuu7immkefh33zflpab3uyewfxe5fv"
   }
  },
  "z6xynmbt335a45vhx4bnzbfh66kvbqyn": {
   "libiconv": {
    "version": "1.16",
    "arch": {
     "platform": "linux",
     "platform_os": "ubuntu20.04",
     "target": {
      "name": "broadwell",
      "vendor": "GenuineIntel",
      "features": [
       "adx",
       "aes",
       "avx",
       "avx2",
       "bmi1",
       "bmi2",
       "f16c",
       "fma",
       "mmx",
       "movbe",
       "pclmulqdq",
       "popcnt",
       "rdrand",
       "rdseed",
       "sse",
       "sse2",
       "sse4_1",
       "sse4_2",
       "ssse3"
      ],
      "generation": 0,
      "parents": [
       "haswell"
      ]
     }
    },
    "compiler": {
     "name": "gcc",
     "version": "9.3.0"
    },
    "namespace": "builtin",
    "parameters": {
     "cflags": [],
     "cppflags": [],
     "cxxflags": [],
     "fflags": [],
     "ldflags": [],
     "ldlibs": []
    },
    "hash": "z6xynmbt335a45vhx4bnzbfh66kvbqyn"
   }
  },
  "3c73kosf545ccjpvkdn4mrrleovaz4yj": {
   "gmp": {
    "version": "6.1.2",
    "arch": {
     "platform": "linux",
     "platform_os": "ubuntu20.04",
     "target": {
      "name": "broadwell",
      "vendor": "GenuineIntel",
      "features": [
       "adx",
       "aes",
       "avx",
       "avx2",
       "bmi1",
       "bmi2",
       "f16c",
       "fma",
       "mmx",
       "movbe",
       "pclmulqdq",
       "popcnt",
       "rdrand",
       "rdseed",
       "sse",
       "sse2",
       "sse4_1",
       "sse4_2",
       "ssse3"
      ],
      "generation": 0,
      "parents": [
       "haswell"
      ]
     }
    },
    "compiler": {
     "name": "gcc",
     "version": "9.3.0"
    },
    "namespace": "builtin",
    "parameters": {
     "cflags": [],
     "cppflags": [],
     "cxxflags": [],
     "fflags": [],
     "ldflags": [],
     "ldlibs": []
    },
    "dependencies": {
     "autoconf": {
      "hash": "ui6s2xhywf2hyuo4zpestumnlujonofw",
      "type": [
       "build"
      ]
     },
     "automake": {
      "hash": "tmptbxprrcpicfugny2qbhfuccb5dyat",
      "type": [
       "build"
      ]
     },
     "libtool": {
      "hash": "hy2w3mxtfqq6pj23hyjo5rcdqrxbxtkb",
      "type": [
       "build"
      ]
     },
     "m4": {
      "hash": "5tvingpxjpq74hz3qmgwcugt2fixahhu",
      "type": [
       "build"
      ]
     }
    },
    "hash": "vksdg57sevgytt22socystpxq4j4ykzh"
   }
  },
  "ui6s2xhywf2hyuo4zpestumnlujonofw": {
   "autoconf": {
    "version": "2.69",
    "arch": {
     "platform": "linux",
     "platform_os": "ubuntu20.04",
     "target": {
      "name": "broadwell",
      "vendor": "GenuineIntel",
      "features": [
       "adx",
       "aes",
       "avx",
       "avx2",
       "bmi1",
       "bmi2",
       "f16c",
       "fma",
       "mmx",
       "movbe",
       "pclmulqdq",
       "popcnt",
       "rdrand",
       "rdseed",
       "sse",
       "sse2",
       "sse4_1",
       "sse4_2",
       "ssse3"
      ],
      "generation": 0,
      "parents": [
       "haswell"
      ]
     }
    },
    "compiler": {
     "name": "gcc",
     "version": "9.3.0"
    },
    "namespace": "builtin",
    "parameters": {
     "cflags": [],
     "cppflags": [],
     "cxxflags": [],
     "fflags": [],
     "ldflags": [],
     "ldlibs": []
    },
    "dependencies": {
     "m4": {
      "hash": "5tvingpxjpq74hz3qmgwcugt2fixahhu",
      "type": [
       "build",
       "run"
      ]
     },
     "perl": {
      "hash": "gvlfkq5mwbzozpnss6chmxtmi65jf727",
      "type": [
       "build",
       "run"
      ]
     }
    },
    "hash": "xwxogcgjj4cslsfwq6moba5dnzx2y2sv"
   }
  },
  "5tvingpxjpq74hz3qmgwcugt2fixahhu": {
   "m4": {
    "version": "1.4.18",
    "arch": {
     "platform": "linux",
     "platform_os": "ubuntu20.04",
     "target": {
      "name": "broadwell",
      "vendor": "GenuineIntel",
      "features": [
       "adx",
       "aes",
       "avx",
       "avx2",
       "bmi1",
       "bmi2",
       "f16c",
       "fma",
       "mmx",
       "movbe",
       "pclmulqdq",
       "popcnt",
       "rdrand",
       "rdseed",
       "sse",
       "sse2",
       "sse4_1",
       "sse4_2",
       "ssse3"
      ],
      "generation": 0,
      "parents": [
       "haswell"
      ]
     }
    },
    "compiler": {
     "name": "gcc",
     "version": "9.3.0"
    },
    "namespace": "builtin",
    "parameters": {
     "patches": [
      "3877ab548f88597ab2327a2230ee048d2d07ace1062efe81fc92e91b7f39cd00",
      "fc9b61654a3ba1a8d6cd78ce087e7c96366c290bc8d2c299f09828d793b853c8"
     ],
     "sigsegv": true,
     "cflags": [],
     "cppflags": [],
     "cxxflags": [],
     "fflags": [],
     "ldflags": [],
     "ldlibs": []
    },
    "patches": [
     "3877ab548f88597ab2327a2230ee048d2d07ace1062efe81fc92e91b7f39cd00",
     "fc9b61654a3ba1a8d6cd78ce087e7c96366c290bc8d2c299f09828d793b853c8"
    ],
    "dependencies": {
     "libsigsegv": {
      "hash": "2ybcrlswoal2izbfambescj553axbvih",
      "type": [
       "build",
       "link"
      ]
     }
    },
    "hash": "5tvingpxjpq74hz3qmgwcugt2fixahhu"
   }
  },
  "2ybcrlswoal2izbfambescj553axbvih": {
   "libsigsegv": {
    "version": "2.12",
    "arch": {
     "platform": "linux",
     "platform_os": "ubuntu20.04",
     "target": {
      "name": "broadwell",
      "vendor": "GenuineIntel",
      "features": [
       "adx",
       "aes",
       "avx",
       "avx2",
       "bmi1",
       "bmi2",
       "f16c",
       "fma",
       "mmx",
       "movbe",
       "pclmulqdq",
       "popcnt",
       "rdrand",
       "rdseed",
       "sse",
       "sse2",
       "sse4_1",
       "sse4_2",
       "ssse3"
      ],
      "generation": 0,
      "parents": [
       "haswell"
      ]
     }
    },
    "compiler": {
     "name": "gcc",
     "version": "9.3.0"
    },
    "namespace": "builtin",
    "parameters": {
     "cflags": [],
     "cppflags": [],
     "cxxflags": [],
     "fflags": [],
     "ldflags": [],
     "ldlibs": []
    },
    "hash": "2ybcrlswoal2izbfambescj553axbvih"
   }
  },
  "tmptbxprrcpicfugny2qbhfuccb5dyat": {
   "automake": {
    "version": "1.16.2",
    "arch": {
     "platform": "linux",
     "platform_os": "ubuntu20.04",
     "target": {
      "name": "broadwell",
      "vendor": "GenuineIntel",
      "features": [
       "adx",
       "aes",
       "avx",
       "avx2",
       "bmi1",
       "bmi2",
       "f16c",
       "fma",
       "mmx",
       "movbe",
       "pclmulqdq",
       "popcnt",
       "rdrand",
       "rdseed",
       "sse",
       "sse2",
       "sse4_1",
       "sse4_2",
       "ssse3"
      ],
      "generation": 0,
      "parents": [
       "haswell"
      ]
     }
    },
    "compiler": {
     "name": "gcc",
     "version": "9.3.0"
    },
    "namespace": "builtin",
    "parameters": {
     "cflags": [],
     "cppflags": [],
     "cxxflags": [],
     "fflags": [],
     "ldflags": [],
     "ldlibs": []
    },
    "dependencies": {
     "autoconf": {
      "hash": "ui6s2xhywf2hyuo4zpestumnlujonofw",
      "type": [
       "build"
      ]
     },
     "perl": {
      "hash": "gvlfkq5mwbzozpnss6chmxtmi65jf727",
      "type": [
       "build",
       "run"
      ]
     }
    },
    "hash": "c3oyrh7utv7bmcpz5angwsvu5baghiy3"
   }
  },
  "hy2w3mxtfqq6pj23hyjo5rcdqrxbxtkb": {
   "libtool": {
    "version": "2.4.6",
    "arch": {
     "platform": "linux",
     "platform_os": "ubuntu20.04",
     "target": {
      "name": "broadwell",
      "vendor": "GenuineIntel",
      "features": [
       "adx",
       "aes",
       "avx",
       "avx2",
       "bmi1",
       "bmi2",
       "f16c",
       "fma",
       "mmx",
       "movbe",
       "pclmulqdq",
       "popcnt",
       "rdrand",
       "rdseed",
       "sse",
       "sse2",
       "sse4_1",
       "sse4_2",
       "ssse3"
      ],
      "generation": 0,
      "parents": [
       "haswell"
      ]
     }
    },
    "compiler": {
     "name": "gcc",
     "version": "9.3.0"
    },
    "namespace": "builtin",
    "parameters": {
     "cflags": [],
     "cppflags": [],
     "cxxflags": [],
     "fflags": [],
     "ldflags": [],
     "ldlibs": []
    },
    "dependencies": {
     "m4": {
      "hash": "5tvingpxjpq74hz3qmgwcugt2fixahhu",
      "type": [
       "build"
      ]
     }
    },
    "hash": "3ufaasd2sm5bbrrqpbqhdy4yihowl6ax"
   }
  },
  "yycqeiyjpk3bvkjuluwik232yk3rjsp7": {
   "isl": {
    "version": "0.20",
    "arch": {
     "platform": "linux",
     "platform_os": "ubuntu20.04",
     "target": {
      "name": "broadwell",
      "vendor": "GenuineIntel",
      "features": [
       "adx",
       "aes",
       "avx",
       "avx2",
       "bmi1",
       "bmi2",
       "f16c",
       "fma",
       "mmx",
       "movbe",
       "pclmulqdq",
       "popcnt",
       "rdrand",
       "rdseed",
       "sse",
       "sse2",
       "sse4_1",
       "sse4_2",
       "ssse3"
      ],
      "generation": 0,
      "parents": [
       "haswell"
      ]
     }
    },
    "compiler": {
     "name": "gcc",
     "version": "9.3.0"
    },
    "namespace": "builtin",
    "parameters": {
     "cflags": [],
     "cppflags": [],
     "cxxflags": [],
     "fflags": [],
     "ldflags": [],
     "ldlibs": []
    },
    "dependencies": {
     "gmp": {
      "hash": "3c73kosf545ccjpvkdn4mrrleovaz4yj",
      "type": [
       "build",
       "link"
      ]
     }
    },
    "hash": "wpg6oino3kxpwyhntkcertrw327tphzd"
   }
  },
  "znvqmul5scob73l3km7caqehnimrisza": {
   "mpc": {
    "version": "1.1.0",
    "arch": {
     "platform": "linux",
     "platform_os": "ubuntu20.04",
     "target": {
      "name": "broadwell",
      "vendor": "GenuineIntel",
      "features": [
       "adx",
       "aes",
       "avx",
       "avx2",
       "bmi1",
       "bmi2",
       "f16c",
       "fma",
       "mmx",
       "movbe",
       "pclmulqdq",
       "popcnt",
       "rdrand",
       "rdseed",
       "sse",
       "sse2",
       "sse4_1",
       "sse4_2",
       "ssse3"
      ],
      "generation": 0,
      "parents": [
       "haswell"
      ]
     }
    },
    "compiler": {
     "name": "gcc",
     "version": "9.3.0"
    },
    "namespace": "builtin",
    "parameters": {
     "cflags": [],
     "cppflags": [],
     "cxxflags": [],
     "fflags": [],
     "ldflags": [],
     "ldlibs": []
    },
    "dependencies": {
     "gmp": {
      "hash": "3c73kosf545ccjpvkdn4mrrleovaz4yj",
      "type": [
       "build",
       "link"
      ]
     },
     "mpfr": {
      "hash": "q2ncvoaihog7lo2t4r6eji6dyctozaob",
      "type": [
       "build",
       "link"
      ]
     }
    },
    "hash": "j6jobaxzb235gx32zt76egwgtzhwnxwf"
   }
  },
  "q2ncvoaihog7lo2t4r6eji6dyctozaob": {
   "mpfr": {
    "version": "3.1.6",
    "arch": {
     "platform": "linux",
     "platform_os": "ubuntu20.04",
     "target": {
      "name": "broadwell",
      "vendor": "GenuineIntel",
      "features": [
       "adx",
       "aes",
       "avx",
       "avx2",
       "bmi1",
       "bmi2",
       "f16c",
       "fma",
       "mmx",
       "movbe",
       "pclmulqdq",
       "popcnt",
       "rdrand",
       "rdseed",
       "sse",
       "sse2",
       "sse4_1",
       "sse4_2",
       "ssse3"
      ],
      "generation": 0,
      "parents": [
       "haswell"
      ]
     }
    },
    "compiler": {
     "name": "gcc",
     "version": "9.3.0"
    },
    "namespace": "builtin",
    "parameters": {
     "patches": [
      "7a6dd71bcda4803d6b89612706a17b8816e1acd5dd9bf1bec29cf748f3b60008"
     ],
     "cflags": [],
     "cppflags": [],
     "cxxflags": [],
     "fflags": [],
     "ldflags": [],
     "ldlibs": []
    },
    "patches": [
     "7a6dd71bcda4803d6b89612706a17b8816e1acd5dd9bf1bec29cf748f3b60008"
    ],
    "dependencies": {
     "autoconf": {
      "hash": "ui6s2xhywf2hyuo4zpestumnlujonofw",
      "type": [
       "build"
      ]
     },
     "automake": {
      "hash": "tmptbxprrcpicfugny2qbhfuccb5dyat",
      "type": [
       "build"
      ]
     },
     "gmp": {
      "hash": "3c73kosf545ccjpvkdn4mrrleovaz4yj",
      "type": [
       "build",
       "link"
      ]
     },
     "libtool": {
      "hash": "hy2w3mxtfqq6pj23hyjo5rcdqrxbxtkb",
      "type": [
       "build"
      ]
     },
     "m4": {
      "hash": "5tvingpxjpq74hz3qmgwcugt2fixahhu",
      "type": [
       "build"
      ]
     }
    },
    "hash": "omdnhwe6tfgx33a2wpj6f3ihzgchbr4q"
   }
  },
  "uw3jh5lsbk4pbkpk4tfy3q22unzugsbu": {
   "mpich": {
    "version": "3.3.2",
    "arch": {
     "platform": "linux",
     "platform_os": "ubuntu20.04",
     "target": {
      "name": "broadwell",
      "vendor": "GenuineIntel",
      "features": [
       "adx",
       "aes",
       "avx",
       "avx2",
       "bmi1",
       "bmi2",
       "f16c",
       "fma",
       "mmx",
       "movbe",
       "pclmulqdq",
       "popcnt",
       "rdrand",
       "rdseed",
       "sse",
       "sse2",
       "sse4_1",
       "sse4_2",
       "ssse3"
      ],
      "generation": 0,
      "parents": [
       "haswell"
      ]
     }
    },
    "compiler": {
     "name": "gcc",
     "version": "9.3.0"
    },
    "namespace": "builtin",
    "parameters": {
     "argobots": false,
     "device": "ch3",
     "fortran": true,
     "hwloc": true,
     "hydra": true,
     "libxml2": true,
     "netmod": "tcp",
     "patches": [
      "eb982de3366d48cbc55eb5e0df43373a45d9f51df208abf0835a72dc6c0b4774"
     ],
     "pci": true,
     "pmi": "pmi",
     "romio": true,
     "slurm": false,
     "verbs": false,
     "wrapperrpath": true,
     "cflags": [],
     "cppflags": [],
     "cxxflags": [],
     "fflags": [],
     "ldflags": [],
     "ldlibs": []
    },
    "patches": [
     "eb982de3366d48cbc55eb5e0df43373a45d9f51df208abf0835a72dc6c0b4774"
    ],
    "dependencies": {
     "autoconf": {
      "hash": "ui6s2xhywf2hyuo4zpestumnlujonofw",
      "type": [
       "build"
      ]
     },
     "automake": {
      "hash": "tmptbxprrcpicfugny2qbhfuccb5dyat",
      "type": [
       "build"
      ]
     },
     "findutils": {
      "hash": "mr4qrcas3nfhi5hfd3pg35beyj4sxbcp",
      "type": [
       "build"
      ]
     },
     "hwloc": {
      "hash": "ogvuzag53byd6h3mykqvll4xddgsrppc",
      "type": [
       "build",
       "link"
      ]
     },
     "libpciaccess": {
      "hash": "lzzvkdrcdvrws5oouuuj6zak66vemxqo",
      "type": [
       "build",
       "link"
      ]
     },
     "libtool": {
      "hash": "hy2w3mxtfqq6pj23hyjo5rcdqrxbxtkb",
      "type": [
       "build"
      ]
     },
     "libxml2": {
      "hash": "u7mbfap2pdm27znpzwjuxdrkzomibtg6",
      "type": [
       "build",
       "link"
      ]
     },
     "m4": {
      "hash": "5tvingpxjpq74hz3qmgwcugt2fixahhu",
      "type": [
       "build"
      ]
     },
     "pkgconf": {
      "hash": "maplmtidtdincabqsxijbqyahb4yngro",
      "type": [
       "build"
      ]
     }
    },
    "hash": "ynegy6cyyrlthsew345guay23acflhph"
   }
  },
  "mr4qrcas3nfhi5hfd3pg35beyj4sxbcp": {
   "findutils": {
    "version": "4.6.0",
    "arch": {
     "platform": "linux",
     "platform_os": "ubuntu20.04",
     "target": {
      "name": "broadwell",
      "vendor": "GenuineIntel",
      "features": [
       "adx",
       "aes",
       "avx",
       "avx2",
       "bmi1",
       "bmi2",
       "f16c",
       "fma",
       "mmx",
       "movbe",
       "pclmulqdq",
       "popcnt",
       "rdrand",
       "rdseed",
       "sse",
       "sse2",
       "sse4_1",
       "sse4_2",
       "ssse3"
      ],
      "generation": 0,
      "parents": [
       "haswell"
      ]
     }
    },
    "compiler": {
     "name": "gcc",
     "version": "9.3.0"
    },
    "namespace": "builtin",
    "parameters": {
     "patches": [
      "84b916c0bf8c51b7e7b28417692f0ad3e7030d1f3c248ba77c42ede5c1c5d11e",
      "bd9e4e5cc280f9753ae14956c4e4aa17fe7a210f55dd6c84aa60b12d106d47a2"
     ],
     "cflags": [],
     "cppflags": [],
     "cxxflags": [],
     "fflags": [],
     "ldflags": [],
     "ldlibs": []
    },
    "patches": [
     "84b916c0bf8c51b7e7b28417692f0ad3e7030d1f3c248ba77c42ede5c1c5d11e",
     "bd9e4e5cc280f9753ae14956c4e4aa17fe7a210f55dd6c84aa60b12d106d47a2"
    ],
    "dependencies": {
     "autoconf": {
      "hash": "ui6s2xhywf2hyuo4zpestumnlujonofw",
      "type": [
       "build"
      ]
     },
     "automake": {
      "hash": "tmptbxprrcpicfugny2qbhfuccb5dyat",
      "type": [
       "build"
      ]
     },
     "libtool": {
      "hash": "hy2w3mxtfqq6pj23hyjo5rcdqrxbxtkb",
      "type": [
       "build"
      ]
     },
     "m4": {
      "hash": "5tvingpxjpq74hz3qmgwcugt2fixahhu",
      "type": [
       "build"
      ]
     },
     "texinfo": {
      "hash": "6fiv6vzpgx5kfymf3kqgntnhvo7j5y34",
      "type": [
       "build"
      ]
     }
    },
    "hash": "5b2fi2okhknth26ceodhnoa4n2itinlt"
   }
  },
  "6fiv6vzpgx5kfymf3kqgntnhvo7j5y34": {
   "texinfo": {
    "version": "6.5",
    "arch": {
     "platform": "linux",
     "platform_os": "ubuntu20.04",
     "target": {
      "name": "broadwell",
      "vendor": "GenuineIntel",
      "features": [
       "adx",
       "aes",
       "avx",
       "avx2",
       "bmi1",
       "bmi2",
       "f16c",
       "fma",
       "mmx",
       "movbe",
       "pclmulqdq",
       "popcnt",
       "rdrand",
       "rdseed",
       "sse",
       "sse2",
       "sse4_1",
       "sse4_2",
       "ssse3"
      ],
      "generation": 0,
      "parents": [
       "haswell"
      ]
     }
    },
    "compiler": {
     "name": "gcc",
     "version": "9.3.0"
    },
    "namespace": "builtin",
    "parameters": {
     "patches": [
      "12f6edb0c6b270b8c8dba2ce17998c580db01182d871ee32b7b6e4129bd1d23a",
      "1732115f651cff98989cb0215d8f64da5e0f7911ebf0c13b064920f088f2ffe1"
     ],
     "cflags": [],
     "cppflags": [],
     "cxxflags": [],
     "fflags": [],
     "ldflags": [],
     "ldlibs": []
    },
    "patches": [
     "1732115f651cff98989cb0215d8f64da5e0f7911ebf0c13b064920f088f2ffe1",
     "12f6edb0c6b270b8c8dba2ce17998c580db01182d871ee32b7b6e4129bd1d23a"
    ],
    "dependencies": {
     "perl": {
      "hash": "gvlfkq5mwbzozpnss6chmxtmi65jf727",
      "type": [
       "build",
       "link"
      ]
     }
    },
    "hash": "5zjbkrqmvgyjeqj65y5y6i3lebu77dqa"
   }
  },
  "ogvuzag53byd6h3mykqvll4xddgsrppc": {
   "hwloc": {
    "version": "2.2.0",
    "arch": {
     "platform": "linux",
     "platform_os": "ubuntu20.04",
     "target": {
      "name": "broadwell",
      "vendor": "GenuineIntel",
      "features": [
       "adx",
       "aes",
       "avx",
       "avx2",
       "bmi1",
       "bmi2",
       "f16c",
       "fma",
       "mmx",
       "movbe",
       "pclmulqdq",
       "popcnt",
       "rdrand",
       "rdseed",
       "sse",
       "sse2",
       "sse4_1",
       "sse4_2",
       "ssse3"
      ],
      "generation": 0,
      "parents": [
       "haswell"
      ]
     }
    },
    "compiler": {
     "name": "gcc",
     "version": "9.3.0"
    },
    "namespace": "builtin",
    "parameters": {
     "cairo": false,
     "cuda": false,
     "gl": false,
     "libudev": false,
     "libxml2": true,
     "netloc": false,
     "nvml": false,
     "pci": true,
     "shared": true,
     "cflags": [],
     "cppflags": [],
     "cxxflags": [],
     "fflags": [],
     "ldflags": [],
     "ldlibs": []
    },
    "dependencies": {
     "libpciaccess": {
      "hash": "lzzvkdrcdvrws5oouuuj6zak66vemxqo",
      "type": [
       "build",
       "link"
      ]
     },
     "libxml2": {
      "hash": "u7mbfap2pdm27znpzwjuxdrkzomibtg6",
      "type": [
       "build",
       "link"
      ]
     },
     "pkgconf": {
      "hash": "maplmtidtdincabqsxijbqyahb4yngro",
      "type": [
       "build"
      ]
     }
    },
    "hash": "tgdsahj6eqtjn3mu2rb5bsv2gkb63xyn"
   }
  },
  "lzzvkdrcdvrws5oouuuj6zak66vemxqo": {
   "libpciaccess": {
    "version": "0.16",
    "arch": {
     "platform": "linux",
     "platform_os": "ubuntu20.04",
     "target": {
      "name": "broadwell",
      "vendor": "GenuineIntel",
      "features": [
       "adx",
       "aes",
       "avx",
       "avx2",
       "bmi1",
       "bmi2",
       "f16c",
       "fma",
       "mmx",
       "movbe",
       "pclmulqdq",
       "popcnt",
       "rdrand",
       "rdseed",
       "sse",
       "sse2",
       "sse4_1",
       "sse4_2",
       "ssse3"
      ],
      "generation": 0,
      "parents": [
       "haswell"
      ]
     }
    },
    "compiler": {
     "name": "gcc",
     "version": "9.3.0"
    },
    "namespace": "builtin",
    "parameters": {
     "cflags": [],
     "cppflags": [],
     "cxxflags": [],
     "fflags": [],
     "ldflags": [],
     "ldlibs": []
    },
    "dependencies": {
     "libtool": {
      "hash": "hy2w3mxtfqq6pj23hyjo5rcdqrxbxtkb",
      "type": [
       "build"
      ]
     },
     "pkgconf": {
      "hash": "maplmtidtdincabqsxijbqyahb4yngro",
      "type": [
       "build"
      ]
     },
     "util-macros": {
      "hash": "mil34xitofwpt4uw4m3ip3bfgedouqrf",
      "type": [
       "build"
      ]
     }
    },
    "hash": "te76hntemfoucuhgwo7zs6v6fgrka5at"
   }
  },
  "mil34xitofwpt4uw4m3ip3bfgedouqrf": {
   "util-macros": {
    "version": "1.19.1",
    "arch": {
     "platform": "linux",
     "platform_os": "ubuntu20.04",
     "target": {
      "name": "broadwell",
      "vendor": "GenuineIntel",
      "features": [
       "adx",
       "aes",
       "avx",
       "avx2",
       "bmi1",
       "bmi2",
       "f16c",
       "fma",
       "mmx",
       "movbe",
       "pclmulqdq",
       "popcnt",
       "rdrand",
       "rdseed",
       "sse",
       "sse2",
       "sse4_1",
       "sse4_2",
       "ssse3"
      ],
      "generation": 0,
      "parents": [
       "haswell"
      ]
     }
    },
    "compiler": {
     "name": "gcc",
     "version": "9.3.0"
    },
    "namespace": "builtin",
    "parameters": {
     "cflags": [],
     "cppflags": [],
     "cxxflags": [],
     "fflags": [],
     "ldflags": [],
     "ldlibs": []
    },
    "hash": "mil34xitofwpt4uw4m3ip3bfgedouqrf"
   }
  },
  "u7mbfap2pdm27znpzwjuxdrkzomibtg6": {
   "libxml2": {
    "version": "2.9.10",
    "arch": {
     "platform": "linux",
     "platform_os": "ubuntu20.04",
     "target": {
      "name": "broadwell",
      "vendor": "GenuineIntel",
      "features": [
       "adx",
       "aes",
       "avx",
       "avx2",
       "bmi1",
       "bmi2",
       "f16c",
       "fma",
       "mmx",
       "movbe",
       "pclmulqdq",
       "popcnt",
       "rdrand",
       "rdseed",
       "sse",
       "sse2",
       "sse4_1",
       "sse4_2",
       "ssse3"
      ],
      "generation": 0,
      "parents": [
       "haswell"
      ]
     }
    },
    "compiler": {
     "name": "gcc",
     "version": "9.3.0"
    },
    "namespace": "builtin",
    "parameters": {
     "python": false,
     "cflags": [],
     "cppflags": [],
     "cxxflags": [],
     "fflags": [],
     "ldflags": [],
     "ldlibs": []
    },
    "dependencies": {
     "libiconv": {
      "hash": "z6xynmbt335a45vhx4bnzbfh66kvbqyn",
      "type": [
       "build",
       "link"
      ]
     },
     "pkgconf": {
      "hash": "maplmtidtdincabqsxijbqyahb4yngro",
      "type": [
       "build"
      ]
     },
     "xz": {
      "hash": "kaqmjzzlqbnek4t523xxvcijmqtv3j7t",
      "type": [
       "build",
       "link"
      ]
     },
     "zlib": {
      "hash": "emkoq3o2mtu377gy6plexktmkqchkgkb",
      "type": [
       "build",
       "link"
      ]
     }
    },
    "hash": "vwqpclnn77c6fbrlnznrpwd3mez26bm3"
   }
  },
  "kaqmjzzlqbnek4t523xxvcijmqtv3j7t": {
   "xz": {
    "version": "5.2.5",
    "arch": {
     "platform": "linux",
     "platform_os": "ubuntu20.04",
     "target": {
      "name": "broadwell",
      "vendor": "GenuineIntel",
      "features": [
       "adx",
       "aes",
       "avx",
       "avx2",
       "bmi1",
       "bmi2",
       "f16c",
       "fma",
       "mmx",
       "movbe",
       "pclmulqdq",
       "popcnt",
       "rdrand",
       "rdseed",
       "sse",
       "sse2",
       "sse4_1",
       "sse4_2",
       "ssse3"
      ],
      "generation": 0,
      "parents": [
       "haswell"
      ]
     }
    },
    "compiler": {
     "name": "gcc",
     "version": "9.3.0"
    },
    "namespace": "builtin",
    "parameters": {
     "pic": false,
     "cflags": [],
     "cppflags": [],
     "cxxflags": [],
     "fflags": [],
     "ldflags": [],
     "ldlibs": []
    },
    "hash": "kaqmjzzlqbnek4t523xxvcijmqtv3j7t"
   }
  },
  "hoglkkyeaozcf3m3kqo7r245nw3ghooj": {
   "openblas": {
    "version": "0.3.12",
    "arch": {
     "platform": "linux",
     "platform_os": "ubuntu20.04",
     "target": {
      "name": "broadwell",
      "vendor": "GenuineIntel",
      "features": [
       "adx",
       "aes",
       "avx",
       "avx2",
       "bmi1",
       "bmi2",
       "f16c",
       "fma",
       "mmx",
       "movbe",
       "pclmulqdq",
       "popcnt",
       "rdrand",
       "rdseed",
       "sse",
       "sse2",
       "sse4_1",
       "sse4_2",
       "ssse3"
      ],
      "generation": 0,
      "parents": [
       "haswell"
      ]
     }
    },
    "compiler": {
     "name": "gcc",
     "version": "9.3.0"
    },
    "namespace": "builtin",
    "parameters": {
     "consistent_fpcsr": false,
     "ilp64": false,
     "pic": true,
     "shared": true,
     "threads": "openmp",
     "cflags": [],
     "cppflags": [],
     "cxxflags": [],
     "fflags": [],
     "ldflags": [],
     "ldlibs": []
    },
    "hash": "hoglkkyeaozcf3m3kqo7r245nw3ghooj"
   }
  }
 }
}